// !$*UTF8*$!
{
	archiveVersion = 1;
	classes = {
	};
	objectVersion = 50;
	objects = {

/* Begin PBXBuildFile section */
		5269B07C26C961B300671C8B /* Tests_iOS.swift in Sources */ = {isa = PBXBuildFile; fileRef = 5269B07B26C961B300671C8B /* Tests_iOS.swift */; };
		5269B08726C961B300671C8B /* Tests_macOS.swift in Sources */ = {isa = PBXBuildFile; fileRef = 5269B08626C961B300671C8B /* Tests_macOS.swift */; };
		5269B08926C961B300671C8B /* Profile_CVApp.swift in Sources */ = {isa = PBXBuildFile; fileRef = 5269B06026C961B200671C8B /* Profile_CVApp.swift */; };
		5269B08A26C961B300671C8B /* Profile_CVApp.swift in Sources */ = {isa = PBXBuildFile; fileRef = 5269B06026C961B200671C8B /* Profile_CVApp.swift */; };
		5269B08B26C961B300671C8B /* ContentView.swift in Sources */ = {isa = PBXBuildFile; fileRef = 5269B06126C961B200671C8B /* ContentView.swift */; };
		5269B08C26C961B300671C8B /* ContentView.swift in Sources */ = {isa = PBXBuildFile; fileRef = 5269B06126C961B200671C8B /* ContentView.swift */; };
		5269B08D26C961B300671C8B /* Assets.xcassets in Resources */ = {isa = PBXBuildFile; fileRef = 5269B06226C961B300671C8B /* Assets.xcassets */; };
		5269B08E26C961B300671C8B /* Assets.xcassets in Resources */ = {isa = PBXBuildFile; fileRef = 5269B06226C961B300671C8B /* Assets.xcassets */; };
		5269B09E26C9B2A300671C8B /* CommonStrings.swift in Sources */ = {isa = PBXBuildFile; fileRef = 5269B09D26C9B2A300671C8B /* CommonStrings.swift */; };
		5269B09F26C9B2A300671C8B /* CommonStrings.swift in Sources */ = {isa = PBXBuildFile; fileRef = 5269B09D26C9B2A300671C8B /* CommonStrings.swift */; };
		5269B0A126C9B2B900671C8B /* Common.strings in Resources */ = {isa = PBXBuildFile; fileRef = 5269B0A026C9B2B900671C8B /* Common.strings */; };
		5269B0A226C9B2B900671C8B /* Common.strings in Resources */ = {isa = PBXBuildFile; fileRef = 5269B0A026C9B2B900671C8B /* Common.strings */; };
		5269B0A426C9CEF400671C8B /* ProfileView.swift in Sources */ = {isa = PBXBuildFile; fileRef = 5269B0A326C9CEF400671C8B /* ProfileView.swift */; };
		5269B0A526C9CEF400671C8B /* ProfileView.swift in Sources */ = {isa = PBXBuildFile; fileRef = 5269B0A326C9CEF400671C8B /* ProfileView.swift */; };
		5269B0A826C9CF9B00671C8B /* EducationCardView.swift in Sources */ = {isa = PBXBuildFile; fileRef = 5269B0A726C9CF9B00671C8B /* EducationCardView.swift */; };
		5269B0A926C9CF9B00671C8B /* EducationCardView.swift in Sources */ = {isa = PBXBuildFile; fileRef = 5269B0A726C9CF9B00671C8B /* EducationCardView.swift */; };
		5269B0AB26C9D30A00671C8B /* HeadingContentView.swift in Sources */ = {isa = PBXBuildFile; fileRef = 5269B0AA26C9D30A00671C8B /* HeadingContentView.swift */; };
		5269B0AC26C9D30A00671C8B /* HeadingContentView.swift in Sources */ = {isa = PBXBuildFile; fileRef = 5269B0AA26C9D30A00671C8B /* HeadingContentView.swift */; };
		5269B0B126E2A86300671C8B /* EducationView.swift in Sources */ = {isa = PBXBuildFile; fileRef = 5269B0B026E2A86300671C8B /* EducationView.swift */; };
		5269B0B226E2A86300671C8B /* EducationView.swift in Sources */ = {isa = PBXBuildFile; fileRef = 5269B0B026E2A86300671C8B /* EducationView.swift */; };
		5269B0B426E2A9A000671C8B /* WorkView.swift in Sources */ = {isa = PBXBuildFile; fileRef = 5269B0B326E2A9A000671C8B /* WorkView.swift */; };
		5269B0B526E2A9A000671C8B /* WorkView.swift in Sources */ = {isa = PBXBuildFile; fileRef = 5269B0B326E2A9A000671C8B /* WorkView.swift */; };
		5269B0B726E2AB6E00671C8B /* ProjectView.swift in Sources */ = {isa = PBXBuildFile; fileRef = 5269B0B626E2AB6E00671C8B /* ProjectView.swift */; };
		5269B0B826E2AB6E00671C8B /* ProjectView.swift in Sources */ = {isa = PBXBuildFile; fileRef = 5269B0B626E2AB6E00671C8B /* ProjectView.swift */; };
		5269B0BA26E2ABA500671C8B /* ContactView.swift in Sources */ = {isa = PBXBuildFile; fileRef = 5269B0B926E2ABA500671C8B /* ContactView.swift */; };
		5269B0BB26E2ABA500671C8B /* ContactView.swift in Sources */ = {isa = PBXBuildFile; fileRef = 5269B0B926E2ABA500671C8B /* ContactView.swift */; };
/* End PBXBuildFile section */

/* Begin PBXContainerItemProxy section */
		5269B07826C961B300671C8B /* PBXContainerItemProxy */ = {
			isa = PBXContainerItemProxy;
			containerPortal = 5269B05B26C961B200671C8B /* Project object */;
			proxyType = 1;
			remoteGlobalIDString = 5269B06626C961B300671C8B;
			remoteInfo = "Profile CV (iOS)";
		};
		5269B08326C961B300671C8B /* PBXContainerItemProxy */ = {
			isa = PBXContainerItemProxy;
			containerPortal = 5269B05B26C961B200671C8B /* Project object */;
			proxyType = 1;
			remoteGlobalIDString = 5269B06E26C961B300671C8B;
			remoteInfo = "Profile CV (macOS)";
		};
/* End PBXContainerItemProxy section */

/* Begin PBXFileReference section */
		5269B06026C961B200671C8B /* Profile_CVApp.swift */ = {isa = PBXFileReference; lastKnownFileType = sourcecode.swift; path = Profile_CVApp.swift; sourceTree = "<group>"; };
		5269B06126C961B200671C8B /* ContentView.swift */ = {isa = PBXFileReference; lastKnownFileType = sourcecode.swift; path = ContentView.swift; sourceTree = "<group>"; };
		5269B06226C961B300671C8B /* Assets.xcassets */ = {isa = PBXFileReference; lastKnownFileType = folder.assetcatalog; path = Assets.xcassets; sourceTree = "<group>"; };
		5269B06726C961B300671C8B /* Profile CV.app */ = {isa = PBXFileReference; explicitFileType = wrapper.application; includeInIndex = 0; path = "Profile CV.app"; sourceTree = BUILT_PRODUCTS_DIR; };
		5269B06A26C961B300671C8B /* Info.plist */ = {isa = PBXFileReference; lastKnownFileType = text.plist.xml; path = Info.plist; sourceTree = "<group>"; };
		5269B06F26C961B300671C8B /* Profile CV.app */ = {isa = PBXFileReference; explicitFileType = wrapper.application; includeInIndex = 0; path = "Profile CV.app"; sourceTree = BUILT_PRODUCTS_DIR; };
		5269B07126C961B300671C8B /* Info.plist */ = {isa = PBXFileReference; lastKnownFileType = text.plist.xml; path = Info.plist; sourceTree = "<group>"; };
		5269B07226C961B300671C8B /* macOS.entitlements */ = {isa = PBXFileReference; lastKnownFileType = text.plist.entitlements; path = macOS.entitlements; sourceTree = "<group>"; };
		5269B07726C961B300671C8B /* Tests iOS.xctest */ = {isa = PBXFileReference; explicitFileType = wrapper.cfbundle; includeInIndex = 0; path = "Tests iOS.xctest"; sourceTree = BUILT_PRODUCTS_DIR; };
		5269B07B26C961B300671C8B /* Tests_iOS.swift */ = {isa = PBXFileReference; lastKnownFileType = sourcecode.swift; path = Tests_iOS.swift; sourceTree = "<group>"; };
		5269B07D26C961B300671C8B /* Info.plist */ = {isa = PBXFileReference; lastKnownFileType = text.plist.xml; path = Info.plist; sourceTree = "<group>"; };
		5269B08226C961B300671C8B /* Tests macOS.xctest */ = {isa = PBXFileReference; explicitFileType = wrapper.cfbundle; includeInIndex = 0; path = "Tests macOS.xctest"; sourceTree = BUILT_PRODUCTS_DIR; };
		5269B08626C961B300671C8B /* Tests_macOS.swift */ = {isa = PBXFileReference; lastKnownFileType = sourcecode.swift; path = Tests_macOS.swift; sourceTree = "<group>"; };
		5269B08826C961B300671C8B /* Info.plist */ = {isa = PBXFileReference; lastKnownFileType = text.plist.xml; path = Info.plist; sourceTree = "<group>"; };
		5269B09D26C9B2A300671C8B /* CommonStrings.swift */ = {isa = PBXFileReference; lastKnownFileType = sourcecode.swift; path = CommonStrings.swift; sourceTree = "<group>"; };
		5269B0A026C9B2B900671C8B /* Common.strings */ = {isa = PBXFileReference; lastKnownFileType = text.plist.strings; path = Common.strings; sourceTree = "<group>"; };
		5269B0A326C9CEF400671C8B /* ProfileView.swift */ = {isa = PBXFileReference; lastKnownFileType = sourcecode.swift; path = ProfileView.swift; sourceTree = "<group>"; };
		5269B0A726C9CF9B00671C8B /* EducationCardView.swift */ = {isa = PBXFileReference; lastKnownFileType = sourcecode.swift; path = EducationCardView.swift; sourceTree = "<group>"; };
		5269B0AA26C9D30A00671C8B /* HeadingContentView.swift */ = {isa = PBXFileReference; lastKnownFileType = sourcecode.swift; path = HeadingContentView.swift; sourceTree = "<group>"; };
		5269B0B026E2A86300671C8B /* EducationView.swift */ = {isa = PBXFileReference; lastKnownFileType = sourcecode.swift; path = EducationView.swift; sourceTree = "<group>"; };
		5269B0B326E2A9A000671C8B /* WorkView.swift */ = {isa = PBXFileReference; lastKnownFileType = sourcecode.swift; path = WorkView.swift; sourceTree = "<group>"; };
		5269B0B626E2AB6E00671C8B /* ProjectView.swift */ = {isa = PBXFileReference; lastKnownFileType = sourcecode.swift; path = ProjectView.swift; sourceTree = "<group>"; };
		5269B0B926E2ABA500671C8B /* ContactView.swift */ = {isa = PBXFileReference; lastKnownFileType = sourcecode.swift; path = ContactView.swift; sourceTree = "<group>"; };
/* End PBXFileReference section */

/* Begin PBXFrameworksBuildPhase section */
		5269B06426C961B300671C8B /* Frameworks */ = {
			isa = PBXFrameworksBuildPhase;
			buildActionMask = 2147483647;
			files = (
			);
			runOnlyForDeploymentPostprocessing = 0;
		};
		5269B06C26C961B300671C8B /* Frameworks */ = {
			isa = PBXFrameworksBuildPhase;
			buildActionMask = 2147483647;
			files = (
			);
			runOnlyForDeploymentPostprocessing = 0;
		};
		5269B07426C961B300671C8B /* Frameworks */ = {
			isa = PBXFrameworksBuildPhase;
			buildActionMask = 2147483647;
			files = (
			);
			runOnlyForDeploymentPostprocessing = 0;
		};
		5269B07F26C961B300671C8B /* Frameworks */ = {
			isa = PBXFrameworksBuildPhase;
			buildActionMask = 2147483647;
			files = (
			);
			runOnlyForDeploymentPostprocessing = 0;
		};
/* End PBXFrameworksBuildPhase section */

/* Begin PBXGroup section */
		5269B05A26C961B200671C8B = {
			isa = PBXGroup;
			children = (
				5269B05F26C961B200671C8B /* Shared */,
				5269B06926C961B300671C8B /* iOS */,
				5269B07026C961B300671C8B /* macOS */,
				5269B07A26C961B300671C8B /* Tests iOS */,
				5269B08526C961B300671C8B /* Tests macOS */,
				5269B06826C961B300671C8B /* Products */,
			);
			sourceTree = "<group>";
		};
		5269B05F26C961B200671C8B /* Shared */ = {
			isa = PBXGroup;
			children = (
				5269B0A626C9CF8100671C8B /* View */,
				5269B06026C961B200671C8B /* Profile_CVApp.swift */,
				5269B06126C961B200671C8B /* ContentView.swift */,
				5269B06226C961B300671C8B /* Assets.xcassets */,
				5269B09D26C9B2A300671C8B /* CommonStrings.swift */,
				5269B0A026C9B2B900671C8B /* Common.strings */,
			);
			path = Shared;
			sourceTree = "<group>";
		};
		5269B06826C961B300671C8B /* Products */ = {
			isa = PBXGroup;
			children = (
				5269B06726C961B300671C8B /* Profile CV.app */,
				5269B06F26C961B300671C8B /* Profile CV.app */,
				5269B07726C961B300671C8B /* Tests iOS.xctest */,
				5269B08226C961B300671C8B /* Tests macOS.xctest */,
			);
			name = Products;
			sourceTree = "<group>";
		};
		5269B06926C961B300671C8B /* iOS */ = {
			isa = PBXGroup;
			children = (
				5269B06A26C961B300671C8B /* Info.plist */,
			);
			path = iOS;
			sourceTree = "<group>";
		};
		5269B07026C961B300671C8B /* macOS */ = {
			isa = PBXGroup;
			children = (
				5269B07126C961B300671C8B /* Info.plist */,
				5269B07226C961B300671C8B /* macOS.entitlements */,
			);
			path = macOS;
			sourceTree = "<group>";
		};
		5269B07A26C961B300671C8B /* Tests iOS */ = {
			isa = PBXGroup;
			children = (
				5269B07B26C961B300671C8B /* Tests_iOS.swift */,
				5269B07D26C961B300671C8B /* Info.plist */,
			);
			path = "Tests iOS";
			sourceTree = "<group>";
		};
		5269B08526C961B300671C8B /* Tests macOS */ = {
			isa = PBXGroup;
			children = (
				5269B08626C961B300671C8B /* Tests_macOS.swift */,
				5269B08826C961B300671C8B /* Info.plist */,
			);
			path = "Tests macOS";
			sourceTree = "<group>";
		};
		5269B0A626C9CF8100671C8B /* View */ = {
			isa = PBXGroup;
			children = (
				5269B0A326C9CEF400671C8B /* ProfileView.swift */,
				5269B0A726C9CF9B00671C8B /* EducationCardView.swift */,
				5269B0AA26C9D30A00671C8B /* HeadingContentView.swift */,
				5269B0B026E2A86300671C8B /* EducationView.swift */,
				5269B0B326E2A9A000671C8B /* WorkView.swift */,
				5269B0B626E2AB6E00671C8B /* ProjectView.swift */,
				5269B0B926E2ABA500671C8B /* ContactView.swift */,
			);
			path = View;
			sourceTree = "<group>";
		};
/* End PBXGroup section */

/* Begin PBXNativeTarget section */
		5269B06626C961B300671C8B /* Profile CV (iOS) */ = {
			isa = PBXNativeTarget;
			buildConfigurationList = 5269B09126C961B300671C8B /* Build configuration list for PBXNativeTarget "Profile CV (iOS)" */;
			buildPhases = (
				5269B06326C961B300671C8B /* Sources */,
				5269B06426C961B300671C8B /* Frameworks */,
				5269B06526C961B300671C8B /* Resources */,
			);
			buildRules = (
			);
			dependencies = (
			);
			name = "Profile CV (iOS)";
			productName = "Profile CV (iOS)";
			productReference = 5269B06726C961B300671C8B /* Profile CV.app */;
			productType = "com.apple.product-type.application";
		};
		5269B06E26C961B300671C8B /* Profile CV (macOS) */ = {
			isa = PBXNativeTarget;
			buildConfigurationList = 5269B09426C961B300671C8B /* Build configuration list for PBXNativeTarget "Profile CV (macOS)" */;
			buildPhases = (
				5269B06B26C961B300671C8B /* Sources */,
				5269B06C26C961B300671C8B /* Frameworks */,
				5269B06D26C961B300671C8B /* Resources */,
			);
			buildRules = (
			);
			dependencies = (
			);
			name = "Profile CV (macOS)";
			productName = "Profile CV (macOS)";
			productReference = 5269B06F26C961B300671C8B /* Profile CV.app */;
			productType = "com.apple.product-type.application";
		};
		5269B07626C961B300671C8B /* Tests iOS */ = {
			isa = PBXNativeTarget;
			buildConfigurationList = 5269B09726C961B300671C8B /* Build configuration list for PBXNativeTarget "Tests iOS" */;
			buildPhases = (
				5269B07326C961B300671C8B /* Sources */,
				5269B07426C961B300671C8B /* Frameworks */,
				5269B07526C961B300671C8B /* Resources */,
			);
			buildRules = (
			);
			dependencies = (
				5269B07926C961B300671C8B /* PBXTargetDependency */,
			);
			name = "Tests iOS";
			productName = "Tests iOS";
			productReference = 5269B07726C961B300671C8B /* Tests iOS.xctest */;
			productType = "com.apple.product-type.bundle.ui-testing";
		};
		5269B08126C961B300671C8B /* Tests macOS */ = {
			isa = PBXNativeTarget;
			buildConfigurationList = 5269B09A26C961B300671C8B /* Build configuration list for PBXNativeTarget "Tests macOS" */;
			buildPhases = (
				5269B07E26C961B300671C8B /* Sources */,
				5269B07F26C961B300671C8B /* Frameworks */,
				5269B08026C961B300671C8B /* Resources */,
			);
			buildRules = (
			);
			dependencies = (
				5269B08426C961B300671C8B /* PBXTargetDependency */,
			);
			name = "Tests macOS";
			productName = "Tests macOS";
			productReference = 5269B08226C961B300671C8B /* Tests macOS.xctest */;
			productType = "com.apple.product-type.bundle.ui-testing";
		};
/* End PBXNativeTarget section */

/* Begin PBXProject section */
		5269B05B26C961B200671C8B /* Project object */ = {
			isa = PBXProject;
			attributes = {
				LastSwiftUpdateCheck = 1250;
				LastUpgradeCheck = 1250;
				TargetAttributes = {
					5269B06626C961B300671C8B = {
						CreatedOnToolsVersion = 12.5.1;
					};
					5269B06E26C961B300671C8B = {
						CreatedOnToolsVersion = 12.5.1;
					};
					5269B07626C961B300671C8B = {
						CreatedOnToolsVersion = 12.5.1;
						TestTargetID = 5269B06626C961B300671C8B;
					};
					5269B08126C961B300671C8B = {
						CreatedOnToolsVersion = 12.5.1;
						TestTargetID = 5269B06E26C961B300671C8B;
					};
				};
			};
			buildConfigurationList = 5269B05E26C961B200671C8B /* Build configuration list for PBXProject "Profile CV" */;
			compatibilityVersion = "Xcode 9.3";
			developmentRegion = en;
			hasScannedForEncodings = 0;
			knownRegions = (
				en,
				Base,
			);
			mainGroup = 5269B05A26C961B200671C8B;
			productRefGroup = 5269B06826C961B300671C8B /* Products */;
			projectDirPath = "";
			projectRoot = "";
			targets = (
				5269B06626C961B300671C8B /* Profile CV (iOS) */,
				5269B06E26C961B300671C8B /* Profile CV (macOS) */,
				5269B07626C961B300671C8B /* Tests iOS */,
				5269B08126C961B300671C8B /* Tests macOS */,
			);
		};
/* End PBXProject section */

/* Begin PBXResourcesBuildPhase section */
		5269B06526C961B300671C8B /* Resources */ = {
			isa = PBXResourcesBuildPhase;
			buildActionMask = 2147483647;
			files = (
				5269B08D26C961B300671C8B /* Assets.xcassets in Resources */,
				5269B0A126C9B2B900671C8B /* Common.strings in Resources */,
			);
			runOnlyForDeploymentPostprocessing = 0;
		};
		5269B06D26C961B300671C8B /* Resources */ = {
			isa = PBXResourcesBuildPhase;
			buildActionMask = 2147483647;
			files = (
				5269B08E26C961B300671C8B /* Assets.xcassets in Resources */,
				5269B0A226C9B2B900671C8B /* Common.strings in Resources */,
			);
			runOnlyForDeploymentPostprocessing = 0;
		};
		5269B07526C961B300671C8B /* Resources */ = {
			isa = PBXResourcesBuildPhase;
			buildActionMask = 2147483647;
			files = (
			);
			runOnlyForDeploymentPostprocessing = 0;
		};
		5269B08026C961B300671C8B /* Resources */ = {
			isa = PBXResourcesBuildPhase;
			buildActionMask = 2147483647;
			files = (
			);
			runOnlyForDeploymentPostprocessing = 0;
		};
/* End PBXResourcesBuildPhase section */

/* Begin PBXSourcesBuildPhase section */
		5269B06326C961B300671C8B /* Sources */ = {
			isa = PBXSourcesBuildPhase;
			buildActionMask = 2147483647;
			files = (
				5269B0A826C9CF9B00671C8B /* EducationCardView.swift in Sources */,
				5269B0AB26C9D30A00671C8B /* HeadingContentView.swift in Sources */,
				5269B0B726E2AB6E00671C8B /* ProjectView.swift in Sources */,
				5269B0BA26E2ABA500671C8B /* ContactView.swift in Sources */,
				5269B0B426E2A9A000671C8B /* WorkView.swift in Sources */,
				5269B0A426C9CEF400671C8B /* ProfileView.swift in Sources */,
				5269B08B26C961B300671C8B /* ContentView.swift in Sources */,
				5269B0B126E2A86300671C8B /* EducationView.swift in Sources */,
				5269B08926C961B300671C8B /* Profile_CVApp.swift in Sources */,
				5269B09E26C9B2A300671C8B /* CommonStrings.swift in Sources */,
			);
			runOnlyForDeploymentPostprocessing = 0;
		};
		5269B06B26C961B300671C8B /* Sources */ = {
			isa = PBXSourcesBuildPhase;
			buildActionMask = 2147483647;
			files = (
				5269B0A926C9CF9B00671C8B /* EducationCardView.swift in Sources */,
				5269B0AC26C9D30A00671C8B /* HeadingContentView.swift in Sources */,
				5269B0B826E2AB6E00671C8B /* ProjectView.swift in Sources */,
				5269B0BB26E2ABA500671C8B /* ContactView.swift in Sources */,
				5269B0B526E2A9A000671C8B /* WorkView.swift in Sources */,
				5269B0A526C9CEF400671C8B /* ProfileView.swift in Sources */,
				5269B08C26C961B300671C8B /* ContentView.swift in Sources */,
				5269B0B226E2A86300671C8B /* EducationView.swift in Sources */,
				5269B08A26C961B300671C8B /* Profile_CVApp.swift in Sources */,
				5269B09F26C9B2A300671C8B /* CommonStrings.swift in Sources */,
			);
			runOnlyForDeploymentPostprocessing = 0;
		};
		5269B07326C961B300671C8B /* Sources */ = {
			isa = PBXSourcesBuildPhase;
			buildActionMask = 2147483647;
			files = (
				5269B07C26C961B300671C8B /* Tests_iOS.swift in Sources */,
			);
			runOnlyForDeploymentPostprocessing = 0;
		};
		5269B07E26C961B300671C8B /* Sources */ = {
			isa = PBXSourcesBuildPhase;
			buildActionMask = 2147483647;
			files = (
				5269B08726C961B300671C8B /* Tests_macOS.swift in Sources */,
			);
			runOnlyForDeploymentPostprocessing = 0;
		};
/* End PBXSourcesBuildPhase section */

/* Begin PBXTargetDependency section */
		5269B07926C961B300671C8B /* PBXTargetDependency */ = {
			isa = PBXTargetDependency;
			target = 5269B06626C961B300671C8B /* Profile CV (iOS) */;
			targetProxy = 5269B07826C961B300671C8B /* PBXContainerItemProxy */;
		};
		5269B08426C961B300671C8B /* PBXTargetDependency */ = {
			isa = PBXTargetDependency;
			target = 5269B06E26C961B300671C8B /* Profile CV (macOS) */;
			targetProxy = 5269B08326C961B300671C8B /* PBXContainerItemProxy */;
		};
/* End PBXTargetDependency section */

/* Begin XCBuildConfiguration section */
		5269B08F26C961B300671C8B /* Debug */ = {
			isa = XCBuildConfiguration;
			buildSettings = {
				ALWAYS_SEARCH_USER_PATHS = NO;
				CLANG_ANALYZER_NONNULL = YES;
				CLANG_ANALYZER_NUMBER_OBJECT_CONVERSION = YES_AGGRESSIVE;
				CLANG_CXX_LANGUAGE_STANDARD = "gnu++14";
				CLANG_CXX_LIBRARY = "libc++";
				CLANG_ENABLE_MODULES = YES;
				CLANG_ENABLE_OBJC_ARC = YES;
				CLANG_ENABLE_OBJC_WEAK = YES;
				CLANG_WARN_BLOCK_CAPTURE_AUTORELEASING = YES;
				CLANG_WARN_BOOL_CONVERSION = YES;
				CLANG_WARN_COMMA = YES;
				CLANG_WARN_CONSTANT_CONVERSION = YES;
				CLANG_WARN_DEPRECATED_OBJC_IMPLEMENTATIONS = YES;
				CLANG_WARN_DIRECT_OBJC_ISA_USAGE = YES_ERROR;
				CLANG_WARN_DOCUMENTATION_COMMENTS = YES;
				CLANG_WARN_EMPTY_BODY = YES;
				CLANG_WARN_ENUM_CONVERSION = YES;
				CLANG_WARN_INFINITE_RECURSION = YES;
				CLANG_WARN_INT_CONVERSION = YES;
				CLANG_WARN_NON_LITERAL_NULL_CONVERSION = YES;
				CLANG_WARN_OBJC_IMPLICIT_RETAIN_SELF = YES;
				CLANG_WARN_OBJC_LITERAL_CONVERSION = YES;
				CLANG_WARN_OBJC_ROOT_CLASS = YES_ERROR;
				CLANG_WARN_QUOTED_INCLUDE_IN_FRAMEWORK_HEADER = YES;
				CLANG_WARN_RANGE_LOOP_ANALYSIS = YES;
				CLANG_WARN_STRICT_PROTOTYPES = YES;
				CLANG_WARN_SUSPICIOUS_MOVE = YES;
				CLANG_WARN_UNGUARDED_AVAILABILITY = YES_AGGRESSIVE;
				CLANG_WARN_UNREACHABLE_CODE = YES;
				CLANG_WARN__DUPLICATE_METHOD_MATCH = YES;
				COPY_PHASE_STRIP = NO;
				DEBUG_INFORMATION_FORMAT = dwarf;
				ENABLE_STRICT_OBJC_MSGSEND = YES;
				ENABLE_TESTABILITY = YES;
				GCC_C_LANGUAGE_STANDARD = gnu11;
				GCC_DYNAMIC_NO_PIC = NO;
				GCC_NO_COMMON_BLOCKS = YES;
				GCC_OPTIMIZATION_LEVEL = 0;
				GCC_PREPROCESSOR_DEFINITIONS = (
					"DEBUG=1",
					"$(inherited)",
				);
				GCC_WARN_64_TO_32_BIT_CONVERSION = YES;
				GCC_WARN_ABOUT_RETURN_TYPE = YES_ERROR;
				GCC_WARN_UNDECLARED_SELECTOR = YES;
				GCC_WARN_UNINITIALIZED_AUTOS = YES_AGGRESSIVE;
				GCC_WARN_UNUSED_FUNCTION = YES;
				GCC_WARN_UNUSED_VARIABLE = YES;
				MTL_ENABLE_DEBUG_INFO = INCLUDE_SOURCE;
				MTL_FAST_MATH = YES;
				ONLY_ACTIVE_ARCH = YES;
				SWIFT_ACTIVE_COMPILATION_CONDITIONS = DEBUG;
				SWIFT_OPTIMIZATION_LEVEL = "-Onone";
			};
			name = Debug;
		};
		5269B09026C961B300671C8B /* Release */ = {
			isa = XCBuildConfiguration;
			buildSettings = {
				ALWAYS_SEARCH_USER_PATHS = NO;
				CLANG_ANALYZER_NONNULL = YES;
				CLANG_ANALYZER_NUMBER_OBJECT_CONVERSION = YES_AGGRESSIVE;
				CLANG_CXX_LANGUAGE_STANDARD = "gnu++14";
				CLANG_CXX_LIBRARY = "libc++";
				CLANG_ENABLE_MODULES = YES;
				CLANG_ENABLE_OBJC_ARC = YES;
				CLANG_ENABLE_OBJC_WEAK = YES;
				CLANG_WARN_BLOCK_CAPTURE_AUTORELEASING = YES;
				CLANG_WARN_BOOL_CONVERSION = YES;
				CLANG_WARN_COMMA = YES;
				CLANG_WARN_CONSTANT_CONVERSION = YES;
				CLANG_WARN_DEPRECATED_OBJC_IMPLEMENTATIONS = YES;
				CLANG_WARN_DIRECT_OBJC_ISA_USAGE = YES_ERROR;
				CLANG_WARN_DOCUMENTATION_COMMENTS = YES;
				CLANG_WARN_EMPTY_BODY = YES;
				CLANG_WARN_ENUM_CONVERSION = YES;
				CLANG_WARN_INFINITE_RECURSION = YES;
				CLANG_WARN_INT_CONVERSION = YES;
				CLANG_WARN_NON_LITERAL_NULL_CONVERSION = YES;
				CLANG_WARN_OBJC_IMPLICIT_RETAIN_SELF = YES;
				CLANG_WARN_OBJC_LITERAL_CONVERSION = YES;
				CLANG_WARN_OBJC_ROOT_CLASS = YES_ERROR;
				CLANG_WARN_QUOTED_INCLUDE_IN_FRAMEWORK_HEADER = YES;
				CLANG_WARN_RANGE_LOOP_ANALYSIS = YES;
				CLANG_WARN_STRICT_PROTOTYPES = YES;
				CLANG_WARN_SUSPICIOUS_MOVE = YES;
				CLANG_WARN_UNGUARDED_AVAILABILITY = YES_AGGRESSIVE;
				CLANG_WARN_UNREACHABLE_CODE = YES;
				CLANG_WARN__DUPLICATE_METHOD_MATCH = YES;
				COPY_PHASE_STRIP = NO;
				DEBUG_INFORMATION_FORMAT = "dwarf-with-dsym";
				ENABLE_NS_ASSERTIONS = NO;
				ENABLE_STRICT_OBJC_MSGSEND = YES;
				GCC_C_LANGUAGE_STANDARD = gnu11;
				GCC_NO_COMMON_BLOCKS = YES;
				GCC_WARN_64_TO_32_BIT_CONVERSION = YES;
				GCC_WARN_ABOUT_RETURN_TYPE = YES_ERROR;
				GCC_WARN_UNDECLARED_SELECTOR = YES;
				GCC_WARN_UNINITIALIZED_AUTOS = YES_AGGRESSIVE;
				GCC_WARN_UNUSED_FUNCTION = YES;
				GCC_WARN_UNUSED_VARIABLE = YES;
				MTL_ENABLE_DEBUG_INFO = NO;
				MTL_FAST_MATH = YES;
				SWIFT_COMPILATION_MODE = wholemodule;
				SWIFT_OPTIMIZATION_LEVEL = "-O";
			};
			name = Release;
		};
		5269B09226C961B300671C8B /* Debug */ = {
			isa = XCBuildConfiguration;
			buildSettings = {
				ASSETCATALOG_COMPILER_APPICON_NAME = AppIcon;
				ASSETCATALOG_COMPILER_GLOBAL_ACCENT_COLOR_NAME = AccentColor;
				CODE_SIGN_STYLE = Automatic;
				ENABLE_PREVIEWS = YES;
				INFOPLIST_FILE = iOS/Info.plist;
				IPHONEOS_DEPLOYMENT_TARGET = 14.0;
				LD_RUNPATH_SEARCH_PATHS = (
					"$(inherited)",
					"@executable_path/Frameworks",
				);
				PRODUCT_BUNDLE_IDENTIFIER = "com.harmsen.Profile-CV";
				PRODUCT_NAME = "Profile CV";
				SDKROOT = iphoneos;
				SWIFT_VERSION = 5.0;
				TARGETED_DEVICE_FAMILY = "1,2";
			};
			name = Debug;
		};
		5269B09326C961B300671C8B /* Release */ = {
			isa = XCBuildConfiguration;
			buildSettings = {
				ASSETCATALOG_COMPILER_APPICON_NAME = AppIcon;
				ASSETCATALOG_COMPILER_GLOBAL_ACCENT_COLOR_NAME = AccentColor;
				CODE_SIGN_STYLE = Automatic;
				ENABLE_PREVIEWS = YES;
				INFOPLIST_FILE = iOS/Info.plist;
				IPHONEOS_DEPLOYMENT_TARGET = 14.0;
				LD_RUNPATH_SEARCH_PATHS = (
					"$(inherited)",
					"@executable_path/Frameworks",
				);
				PRODUCT_BUNDLE_IDENTIFIER = "com.harmsen.Profile-CV";
				PRODUCT_NAME = "Profile CV";
				SDKROOT = iphoneos;
				SWIFT_VERSION = 5.0;
				TARGETED_DEVICE_FAMILY = "1,2";
				VALIDATE_PRODUCT = YES;
			};
			name = Release;
		};
		5269B09526C961B300671C8B /* Debug */ = {
			isa = XCBuildConfiguration;
			buildSettings = {
				ASSETCATALOG_COMPILER_APPICON_NAME = AppIcon;
				ASSETCATALOG_COMPILER_GLOBAL_ACCENT_COLOR_NAME = AccentColor;
				CODE_SIGN_ENTITLEMENTS = macOS/macOS.entitlements;
				CODE_SIGN_STYLE = Automatic;
				COMBINE_HIDPI_IMAGES = YES;
				ENABLE_PREVIEWS = YES;
				INFOPLIST_FILE = macOS/Info.plist;
				LD_RUNPATH_SEARCH_PATHS = (
					"$(inherited)",
					"@executable_path/../Frameworks",
				);
				MACOSX_DEPLOYMENT_TARGET = 11.0;
				PRODUCT_BUNDLE_IDENTIFIER = "com.harmsen.Profile-CV";
				PRODUCT_NAME = "Profile CV";
				SDKROOT = macosx;
				SWIFT_VERSION = 5.0;
			};
			name = Debug;
		};
		5269B09626C961B300671C8B /* Release */ = {
			isa = XCBuildConfiguration;
			buildSettings = {
				ASSETCATALOG_COMPILER_APPICON_NAME = AppIcon;
				ASSETCATALOG_COMPILER_GLOBAL_ACCENT_COLOR_NAME = AccentColor;
				CODE_SIGN_ENTITLEMENTS = macOS/macOS.entitlements;
				CODE_SIGN_STYLE = Automatic;
				COMBINE_HIDPI_IMAGES = YES;
				ENABLE_PREVIEWS = YES;
				INFOPLIST_FILE = macOS/Info.plist;
				LD_RUNPATH_SEARCH_PATHS = (
					"$(inherited)",
					"@executable_path/../Frameworks",
				);
				MACOSX_DEPLOYMENT_TARGET = 11.0;
				PRODUCT_BUNDLE_IDENTIFIER = "com.harmsen.Profile-CV";
				PRODUCT_NAME = "Profile CV";
				SDKROOT = macosx;
				SWIFT_VERSION = 5.0;
			};
			name = Release;
		};
		5269B09826C961B300671C8B /* Debug */ = {
			isa = XCBuildConfiguration;
			buildSettings = {
				ALWAYS_EMBED_SWIFT_STANDARD_LIBRARIES = YES;
				CODE_SIGN_STYLE = Automatic;
				INFOPLIST_FILE = "Tests iOS/Info.plist";
				IPHONEOS_DEPLOYMENT_TARGET = 14.5;
				LD_RUNPATH_SEARCH_PATHS = (
					"$(inherited)",
					"@executable_path/Frameworks",
					"@loader_path/Frameworks",
				);
				PRODUCT_BUNDLE_IDENTIFIER = "com.harmsen.Tests-iOS";
				PRODUCT_NAME = "$(TARGET_NAME)";
				SDKROOT = iphoneos;
				SWIFT_VERSION = 5.0;
				TARGETED_DEVICE_FAMILY = "1,2";
				TEST_TARGET_NAME = "Profile CV (iOS)";
			};
			name = Debug;
		};
		5269B09926C961B300671C8B /* Release */ = {
			isa = XCBuildConfiguration;
			buildSettings = {
				ALWAYS_EMBED_SWIFT_STANDARD_LIBRARIES = YES;
				CODE_SIGN_STYLE = Automatic;
				INFOPLIST_FILE = "Tests iOS/Info.plist";
				IPHONEOS_DEPLOYMENT_TARGET = 14.5;
				LD_RUNPATH_SEARCH_PATHS = (
					"$(inherited)",
					"@executable_path/Frameworks",
					"@loader_path/Frameworks",
				);
				PRODUCT_BUNDLE_IDENTIFIER = "com.harmsen.Tests-iOS";
				PRODUCT_NAME = "$(TARGET_NAME)";
				SDKROOT = iphoneos;
				SWIFT_VERSION = 5.0;
				TARGETED_DEVICE_FAMILY = "1,2";
				TEST_TARGET_NAME = "Profile CV (iOS)";
				VALIDATE_PRODUCT = YES;
			};
			name = Release;
		};
		5269B09B26C961B300671C8B /* Debug */ = {
			isa = XCBuildConfiguration;
			buildSettings = {
				ALWAYS_EMBED_SWIFT_STANDARD_LIBRARIES = YES;
				CODE_SIGN_STYLE = Automatic;
				COMBINE_HIDPI_IMAGES = YES;
				INFOPLIST_FILE = "Tests macOS/Info.plist";
				LD_RUNPATH_SEARCH_PATHS = (
					"$(inherited)",
					"@executable_path/../Frameworks",
					"@loader_path/../Frameworks",
				);
				MACOSX_DEPLOYMENT_TARGET = 11.3;
				PRODUCT_BUNDLE_IDENTIFIER = "com.harmsen.Tests-macOS";
				PRODUCT_NAME = "$(TARGET_NAME)";
				SDKROOT = macosx;
				SWIFT_VERSION = 5.0;
				TEST_TARGET_NAME = "Profile CV (macOS)";
			};
			name = Debug;
		};
		5269B09C26C961B300671C8B /* Release */ = {
			isa = XCBuildConfiguration;
			buildSettings = {
				ALWAYS_EMBED_SWIFT_STANDARD_LIBRARIES = YES;
				CODE_SIGN_STYLE = Automatic;
				COMBINE_HIDPI_IMAGES = YES;
				INFOPLIST_FILE = "Tests macOS/Info.plist";
				LD_RUNPATH_SEARCH_PATHS = (
					"$(inherited)",
					"@executable_path/../Frameworks",
					"@loader_path/../Frameworks",
				);
				MACOSX_DEPLOYMENT_TARGET = 11.3;
				PRODUCT_BUNDLE_IDENTIFIER = "com.harmsen.Tests-macOS";
				PRODUCT_NAME = "$(TARGET_NAME)";
				SDKROOT = macosx;
				SWIFT_VERSION = 5.0;
				TEST_TARGET_NAME = "Profile CV (macOS)";
			};
			name = Release;
		};
/* End XCBuildConfiguration section */

/* Begin XCConfigurationList section */
		5269B05E26C961B200671C8B /* Build configuration list for PBXProject "Profile CV" */ = {
			isa = XCConfigurationList;
			buildConfigurations = (
				5269B08F26C961B300671C8B /* Debug */,
				5269B09026C961B300671C8B /* Release */,
			);
			defaultConfigurationIsVisible = 0;
			defaultConfigurationName = Release;
		};
		5269B09126C961B300671C8B /* Build configuration list for PBXNativeTarget "Profile CV (iOS)" */ = {
			isa = XCConfigurationList;
			buildConfigurations = (
				5269B09226C961B300671C8B /* Debug */,
				5269B09326C961B300671C8B /* Release */,
			);
			defaultConfigurationIsVisible = 0;
			defaultConfigurationName = Release;
		};
		5269B09426C961B300671C8B /* Build configuration list for PBXNativeTarget "Profile CV (macOS)" */ = {
			isa = XCConfigurationList;
			buildConfigurations = (
				5269B09526C961B300671C8B /* Debug */,
				5269B09626C961B300671C8B /* Release */,
			);
			defaultConfigurationIsVisible = 0;
			defaultConfigurationName = Release;
		};
		5269B09726C961B300671C8B /* Build configuration list for PBXNativeTarget "Tests iOS" */ = {
			isa = XCConfigurationList;
			buildConfigurations = (
				5269B09826C961B300671C8B /* Debug */,
				5269B09926C961B300671C8B /* Release */,
			);
			defaultConfigurationIsVisible = 0;
			defaultConfigurationName = Release;
		};
		5269B09A26C961B300671C8B /* Build configuration list for PBXNativeTarget "Tests macOS" */ = {
			isa = XCConfigurationList;
			buildConfigurations = (
				5269B09B26C961B300671C8B /* Debug */,
				5269B09C26C961B300671C8B /* Release */,
			);
			defaultConfigurationIsVisible = 0;
			defaultConfigurationName = Release;
		};
/* End XCConfigurationList section */
	};
	rootObject = 5269B05B26C961B200671C8B /* Project object */;
}
